
Microsoft Visual Studio Solution File, Format Version 12.00
# Visual Studio Version 17
VisualStudioVersion = 17.7.34018.315
MinimumVisualStudioVersion = 10.0.40219.1
Project("{FAE04EC0-301F-11D3-BF4B-00C04F79EFBC}") = "WeddingWebsiteThumbnailFunction", "WeddingWebsiteThumbnailFunction\WeddingWebsiteThumbnailFunction.csproj", "{69061CFA-5EB8-470E-AFB6-E0296A3B6030}"
EndProject
Global
	GlobalSection(SolutionConfigurationPlatforms) = preSolution
		Debug|Any CPU = Debug|Any CPU
		Release|Any CPU = Release|Any CPU
	EndGlobalSection
	GlobalSection(ProjectConfigurationPlatforms) = postSolution
		{69061CFA-5EB8-470E-AFB6-E0296A3B6030}.Debug|Any CPU.ActiveCfg = Debug|Any CPU
		{69061CFA-5EB8-470E-AFB6-E0296A3B6030}.Debug|Any CPU.Build.0 = Debug|Any CPU
		{69061CFA-5EB8-470E-AFB6-E0296A3B6030}.Release|Any CPU.ActiveCfg = Release|Any CPU
		{69061CFA-5EB8-470E-AFB6-E0296A3B6030}.Release|Any CPU.Build.0 = Release|Any CPU
	EndGlobalSection
	GlobalSection(SolutionProperties) = preSolution
		HideSolutionNode = FALSE
	EndGlobalSection
	GlobalSection(ExtensibilityGlobals) = postSolution
		SolutionGuid = {7758E703-0EF6-4D38-B19E-C3EEF508E74B}
	EndGlobalSection
EndGlobal
